# generated by rye
# use `rye lock` or `rye sync` to update this lockfile
#
# last locked with the following flags:
#   pre: false
#   features: []
#   all-features: false
#   with-sources: false
#   generate-hashes: false
#   universal: false

-e file:.
asgiref==3.8.1
    # via django
certifi==2024.12.14
    # via requests
charset-normalizer==3.4.1
    # via requests
django==5.1.5
    # via django-saas-base
    # via django-saas-domain
    # via djangorestframework
django-saas-base==0.1.0
    # via django-saas-domain
djangorestframework==3.15.2
    # via django-saas-base
    # via django-saas-domain
idna==3.10
    # via requests
requests==2.32.3
    # via django-saas-base
    # via django-saas-domain
sqlparse==0.5.3
    # via django
urllib3==2.3.0
    # via requests
