version = 1
requires-python = ">=3.12"

[[package]]
name = "attrs"
version = "24.3.0"
source = { registry = "https://pypi.org/simple" }
sdist = { url = "https://files.pythonhosted.org/packages/48/c8/6260f8ccc11f0917360fc0da435c5c9c7504e3db174d5a12a1494887b045/attrs-24.3.0.tar.gz", hash = "sha256:8f5c07333d543103541ba7be0e2ce16eeee8130cb0b3f9238ab904ce1e85baff", size = 805984 }
wheels = [
    { url = "https://files.pythonhosted.org/packages/89/aa/ab0f7891a01eeb2d2e338ae8fecbe57fcebea1a24dbb64d45801bfab481d/attrs-24.3.0-py3-none-any.whl", hash = "sha256:ac96cd038792094f438ad1f6ff80837353805ac950cd2aa0e0625ef19850c308", size = 63397 },
]

[[package]]
name = "bidict"
version = "0.23.1"
source = { registry = "https://pypi.org/simple" }
sdist = { url = "https://files.pythonhosted.org/packages/9a/6e/026678aa5a830e07cd9498a05d3e7e650a4f56a42f267a53d22bcda1bdc9/bidict-0.23.1.tar.gz", hash = "sha256:03069d763bc387bbd20e7d49914e75fc4132a41937fa3405417e1a5a2d006d71", size = 29093 }
wheels = [
    { url = "https://files.pythonhosted.org/packages/99/37/e8730c3587a65eb5645d4aba2d27aae48e8003614d6aaf15dda67f702f1f/bidict-0.23.1-py3-none-any.whl", hash = "sha256:5dae8d4d79b552a71cbabc7deb25dfe8ce710b17ff41711e13010ead2abfc3e5", size = 32764 },
]

[[package]]
name = "bitarray"
version = "2.9.3"
source = { registry = "https://pypi.org/simple" }
sdist = { url = "https://files.pythonhosted.org/packages/0d/c7/a85f206e6b2fddb93964efe53685ad8da7d856e6975b005ed6a88f25b010/bitarray-2.9.3.tar.gz", hash = "sha256:9eff55cf189b0c37ba97156a00d640eb7392db58a8049be6f26ff2712b93fa89", size = 132724 }
wheels = [
    { url = "https://files.pythonhosted.org/packages/fd/4d/00848351d0ad9b5dcdcf8efcaeae8e6eb1ed7bbef63067281c091e5ba635/bitarray-2.9.3-cp312-cp312-macosx_10_13_universal2.whl", hash = "sha256:dc47be026f76f1728af00dc7140cec8483fe2f0c476bbf2a59ef47865e00ff96", size = 177860 },
    { url = "https://files.pythonhosted.org/packages/b6/68/bbf3d6e5b30def505bb3ab97f8793624667949c337f4058178770a3e2522/bitarray-2.9.3-cp312-cp312-macosx_10_13_x86_64.whl", hash = "sha256:82b091742ff511cdb06f90af0d2c22e7af3dbff9b8212e2e0d88dfef6a8570b3", size = 127932 },
    { url = "https://files.pythonhosted.org/packages/c2/15/d90792b7298541f99d9dbf1df92b78269012a19d9214dde2ff7fddaea201/bitarray-2.9.3-cp312-cp312-macosx_11_0_arm64.whl", hash = "sha256:2d5edb4302a0e3a3d1d0eeb891de3c615d4cb7a446fb41c21eecdcfb29400a6f", size = 125863 },
    { url = "https://files.pythonhosted.org/packages/71/61/da6fc35417f82db5015315fce35e30b67734a090cf2dee5b9a143930a638/bitarray-2.9.3-cp312-cp312-manylinux_2_17_aarch64.manylinux2014_aarch64.whl", hash = "sha256:fb4786c5525069c19820549dd2f42d33632bc42959ad167138bd8ee5024b922b", size = 297980 },
    { url = "https://files.pythonhosted.org/packages/0c/0c/17a887ecf664972ea6b2c2529e05f867e136ad88b14d2c62df93bca199f5/bitarray-2.9.3-cp312-cp312-manylinux_2_17_ppc64le.manylinux2014_ppc64le.whl", hash = "sha256:9bfe2de2b4df61ccb9244871a0fdf1fff83be0c1bd7187048c3cf7f81c5fe631", size = 311959 },
    { url = "https://files.pythonhosted.org/packages/06/39/6a7d0d1d8aece919b33da04c61e4752571ff6fef392d2adea53aa1e01fc3/bitarray-2.9.3-cp312-cp312-manylinux_2_17_s390x.manylinux2014_s390x.whl", hash = "sha256:31e4f69538f95d2934587d957eea0d283162322dd1af29e57122b20b8cd60f92", size = 315861 },
    { url = "https://files.pythonhosted.org/packages/02/9f/55ff793e2dc23c446e7bb2516d833ccc2416c5dc4aa0cecbf3d8d6adfa39/bitarray-2.9.3-cp312-cp312-manylinux_2_17_x86_64.manylinux2014_x86_64.whl", hash = "sha256:8ca44908b2bc08d8995770018638d62626706864f9c599b7818225a12f3dbc2c", size = 298715 },
    { url = "https://files.pythonhosted.org/packages/d2/e1/e1aa0ca6d6dbe0a2a97d287e717fc640d7d9948d83d1eeb6ad24fe8e978b/bitarray-2.9.3-cp312-cp312-manylinux_2_5_i686.manylinux1_i686.manylinux_2_17_i686.manylinux2014_i686.whl", hash = "sha256:279f8de5d251ee521e365df29c927d9b5732f1ed4f373d2dbbd278fcbad94ff5", size = 289206 },
    { url = "https://files.pythonhosted.org/packages/f1/76/c57e4d4eca18291125f7619918d32bc626d58361c625771e30b08c5c15cd/bitarray-2.9.3-cp312-cp312-musllinux_1_2_aarch64.whl", hash = "sha256:c49bb631b38431c09ecd534d56ef04264397d24d18c4ee6653c84e14ae09d92d", size = 292131 },
    { url = "https://files.pythonhosted.org/packages/13/2b/efb5d63052c397415f2502b905a262c8850a1e9f7c9262141fd47cbc76da/bitarray-2.9.3-cp312-cp312-musllinux_1_2_i686.whl", hash = "sha256:192bffc93ee9a5b6c833c98d1dcc81f5633ddd726b85e18341387d0c1d51f691", size = 284634 },
    { url = "https://files.pythonhosted.org/packages/f3/c0/1493e5e9e93e251f24382f113efe181ba055b579c2c211d0f1c73e1b062d/bitarray-2.9.3-cp312-cp312-musllinux_1_2_ppc64le.whl", hash = "sha256:c516cec28c6511df51d87033f40ec420324a2247469b0c989d344f4d27ea37d2", size = 307289 },
    { url = "https://files.pythonhosted.org/packages/1f/e6/61a25b402fa48b1bc771c545677787f2bd7b55d8b930f46ebe2462e8e466/bitarray-2.9.3-cp312-cp312-musllinux_1_2_s390x.whl", hash = "sha256:66241cb9a1c1db294f46cd440141e57e8242874e38f3f61877f72d92ae14768a", size = 320414 },
    { url = "https://files.pythonhosted.org/packages/7f/c6/a838d147dce87e545988e06d01fb2b3da5d1d8e6e5d839150cc64e793dba/bitarray-2.9.3-cp312-cp312-musllinux_1_2_x86_64.whl", hash = "sha256:ab1f0e7631110c89bea7b605c0c35832333eb9cc97e5de05d71c76d42a1858c9", size = 291664 },
    { url = "https://files.pythonhosted.org/packages/00/5c/481d564ecdf638758e71e587d001762e9ab8fdce12a1b741d14c00a5b9f2/bitarray-2.9.3-cp312-cp312-win32.whl", hash = "sha256:42aa5bee6fe8ad3385eaf5c6585016bbc38a7b75efb52ce5c6f8e00e05237dfa", size = 118715 },
    { url = "https://files.pythonhosted.org/packages/4d/42/1d3dffa5f680cf8de3712f661f6b2566205c9d7ac0776cb134b678f3abd3/bitarray-2.9.3-cp312-cp312-win_amd64.whl", hash = "sha256:dc3fd647d845b94fac3652390866f921f914a17f3807a031c826f68dae3f43e3", size = 126125 },
    { url = "https://files.pythonhosted.org/packages/4c/1e/9f6c2efc108959d88e6a0e7ad575fd18073cf1d9e723cf029bb2fa96a58c/bitarray-2.9.3-cp313-cp313-macosx_10_13_universal2.whl", hash = "sha256:fcfcc1989e3e021a282624017b7fb754210f5332e933b1c3ebc79643727b6551", size = 177843 },
    { url = "https://files.pythonhosted.org/packages/ce/40/816d22035e98e4bdcb3b7dcfd4d9c0fe36e4c3af481ad2efd5b526676a3c/bitarray-2.9.3-cp313-cp313-macosx_10_13_x86_64.whl", hash = "sha256:71b1e229a706798a9e106ca7b03d4c63455deb40b18c92950ec073a05a8f8285", size = 127931 },
    { url = "https://files.pythonhosted.org/packages/ad/e5/f33509aedac5c76f97420c62f7df6df837eaaf4be34027a40275f1b68cdf/bitarray-2.9.3-cp313-cp313-macosx_11_0_arm64.whl", hash = "sha256:4bb49556d3d505d24c942a4206ad4d0d40e89fa3016a7ea6edc994d5c08d4a8e", size = 125848 },
    { url = "https://files.pythonhosted.org/packages/6d/e7/f08ef676011357f63e99314bc691bf8b164ef8a60da0a730fc66448e798e/bitarray-2.9.3-cp313-cp313-manylinux_2_17_aarch64.manylinux2014_aarch64.whl", hash = "sha256:b4466aa1e533a59d5f7fd37219d154ec3f2ba73fce3d8a2e11080ec475bc15fb", size = 297881 },
    { url = "https://files.pythonhosted.org/packages/46/54/ffd6a59504774cc9324cedf0bfe54f612b049cf7718c0142d510605f4635/bitarray-2.9.3-cp313-cp313-manylinux_2_17_ppc64le.manylinux2014_ppc64le.whl", hash = "sha256:a9b75adc0fd0bf278bea89dc3d679d74e10d2df98d3d074b7f3d36f323138818", size = 311819 },
    { url = "https://files.pythonhosted.org/packages/63/dd/16ea5110eaa2b941f670564bff021229b99121ea235276c368b37386a5c0/bitarray-2.9.3-cp313-cp313-manylinux_2_17_s390x.manylinux2014_s390x.whl", hash = "sha256:701582bbbeac372b1cd8a3c9daf6c2336dc2d22e14373a6271d788bc4f2b6edc", size = 315937 },
    { url = "https://files.pythonhosted.org/packages/56/f8/7a8690306935b2cd4741e7c1d99d36b21bb3a319f7981e48ca1e2d18000c/bitarray-2.9.3-cp313-cp313-manylinux_2_17_x86_64.manylinux2014_x86_64.whl", hash = "sha256:9ea1f119668bbdbd68008031491515e84441e505163918819994b28f295f762c", size = 298593 },
    { url = "https://files.pythonhosted.org/packages/51/2f/fdc1e6ada45b3154f1fb3b678b1ef3328cb4fa140c2310afd4decd2e03d9/bitarray-2.9.3-cp313-cp313-manylinux_2_5_i686.manylinux1_i686.manylinux_2_17_i686.manylinux2014_i686.whl", hash = "sha256:9f400bc18a70bfdb073532c3054ecd78a0e64f96ff7b6140adde5b122580ec2b", size = 289192 },
    { url = "https://files.pythonhosted.org/packages/b1/4a/728c6a561a7d5f7b27749ead3305f18411f368773ecf3a9689a23315a0e6/bitarray-2.9.3-cp313-cp313-musllinux_1_2_aarch64.whl", hash = "sha256:aacff5656fb3e15cede7d02903da2634d376aa928d7a81ec8df19b0724d7972a", size = 292124 },
    { url = "https://files.pythonhosted.org/packages/2b/e5/6ce6969a16e6637881aa238b99b18f516f8f1d91c2bb16bc49431897e160/bitarray-2.9.3-cp313-cp313-musllinux_1_2_i686.whl", hash = "sha256:8a2ae42a14cbf766d4478d7101da6359b0648dd813e60eb3486ac56ad2f5add3", size = 284697 },
    { url = "https://files.pythonhosted.org/packages/bd/4a/54093d281e3f5a4264c2fc264a55b39a41b4d18a4c8f5216eeb1411c320f/bitarray-2.9.3-cp313-cp313-musllinux_1_2_ppc64le.whl", hash = "sha256:616698edb547d10f0b960cb9f2e8629c55a420dd4c2b1ab46706f49a1815621d", size = 307361 },
    { url = "https://files.pythonhosted.org/packages/8a/85/051ec466663a1517fbd98fc4e6ed96bb70a9cb06b99a8f868d98b0322244/bitarray-2.9.3-cp313-cp313-musllinux_1_2_s390x.whl", hash = "sha256:f277c50ba184929dfeed39b6cf9468e3446093521b0aeb52bd54a21ca08f5473", size = 320501 },
    { url = "https://files.pythonhosted.org/packages/e6/6e/50f16db80ef267eacd20e8a77a7efbfe1a81d64bf3ee59655328c8a7ab6d/bitarray-2.9.3-cp313-cp313-musllinux_1_2_x86_64.whl", hash = "sha256:661237739b385c90d8837d5e96b06de093cc6e610236977e198f88f5a979686e", size = 291703 },
    { url = "https://files.pythonhosted.org/packages/87/0f/df8b9facb4f5d4f86244ae03d56975850d0a28a14c854e87649e3941f29b/bitarray-2.9.3-cp313-cp313-win32.whl", hash = "sha256:68acec6c19d798051f178a1197b76f891985f683f95a4b12811b68e58b080f5a", size = 118699 },
    { url = "https://files.pythonhosted.org/packages/d3/7a/c2f534d51d8566c966e1fdb33b3370d6b972336cc9aa3aadf0cd5c8a026f/bitarray-2.9.3-cp313-cp313-win_amd64.whl", hash = "sha256:3055720afdcfd7e8f630fa16db7bed7e55c9d0a1f4756195e3b250e203f3b436", size = 126123 },
]

[[package]]
name = "cloudpickle"
version = "3.1.1"
source = { registry = "https://pypi.org/simple" }
sdist = { url = "https://files.pythonhosted.org/packages/52/39/069100b84d7418bc358d81669d5748efb14b9cceacd2f9c75f550424132f/cloudpickle-3.1.1.tar.gz", hash = "sha256:b216fa8ae4019d5482a8ac3c95d8f6346115d8835911fd4aefd1a445e4242c64", size = 22113 }
wheels = [
    { url = "https://files.pythonhosted.org/packages/7e/e8/64c37fadfc2816a7701fa8a6ed8d87327c7d54eacfbfb6edab14a2f2be75/cloudpickle-3.1.1-py3-none-any.whl", hash = "sha256:c8c5a44295039331ee9dad40ba100a9c7297b6f988e50e87ccdf3765a668350e", size = 20992 },
]

[[package]]
name = "dfa"
version = "4.7.1"
source = { registry = "https://pypi.org/simple" }
dependencies = [
    { name = "attrs" },
    { name = "bidict" },
    { name = "bitarray" },
    { name = "funcy" },
]
sdist = { url = "https://files.pythonhosted.org/packages/91/f1/10fc7dab8e3f97ecf5dec345f61e13d74c2289587cd8da8efb460048727a/dfa-4.7.1.tar.gz", hash = "sha256:6ed1b33bad4adb6e4cc646dcde61fb2c8c7caeef15e69b978b48369db34f96e2", size = 13031 }
wheels = [
    { url = "https://files.pythonhosted.org/packages/58/28/50282eb0a5fe324cdb81977817dc5c5d2ed167f9bb14f2f3cd80bebb0851/dfa-4.7.1-py3-none-any.whl", hash = "sha256:74950e54a477040d94ad06ae35cb9644a1fdceed99d65843923fb649d6a1784a", size = 11311 },
]

[[package]]
name = "dfa-gym"
version = "0.1.0"
source = { virtual = "." }
dependencies = [
    { name = "dfa-samplers" },
    { name = "gymnasium" },
]

[package.metadata]
requires-dist = [
    { name = "dfa-samplers", specifier = ">=0.1.0" },
    { name = "gymnasium", specifier = ">=1.0.0" },
]

[[package]]
name = "dfa-mutate"
version = "0.1.3"
source = { registry = "https://pypi.org/simple" }
dependencies = [
    { name = "dfa" },
    { name = "numpy" },
]
sdist = { url = "https://files.pythonhosted.org/packages/40/85/c461a2eb1ff129cdb3043674b1e75918056fceb7dc5b5e3de9e8087901f9/dfa_mutate-0.1.3.tar.gz", hash = "sha256:285bec27221f8aee9d992b3d9ecfd176be5e0f71c2d94af579af3b29ade16030", size = 3708 }
wheels = [
    { url = "https://files.pythonhosted.org/packages/9f/e0/6bffb032b35a2545ae3bf252f02cbf9cda30d4b43bdb77f766f5078ae81b/dfa_mutate-0.1.3-py3-none-any.whl", hash = "sha256:abe00e8afb4b7bf164806d3696caa1e511b2e869ac272f22b8e8afee4018d5ed", size = 3643 },
]

[[package]]
name = "dfa-samplers"
version = "0.1.0"
source = { registry = "https://pypi.org/simple" }
dependencies = [
    { name = "dfa" },
    { name = "dfa-mutate" },
]
sdist = { url = "https://files.pythonhosted.org/packages/f9/d5/08d8f27e74df1bf20bad1c1b8d4ad98b13c9e5a91cadba87fd521fdc0771/dfa_samplers-0.1.0.tar.gz", hash = "sha256:5fbaf8e4fbef51f34e9eece08092933a7e4f4d483959ce73596f25a456d92a8e", size = 9655 }
wheels = [
    { url = "https://files.pythonhosted.org/packages/97/d8/4f6f6bd9e065b6c32eaf778d47fda3e0b60bf9fc608ceb20032d968a6b91/dfa_samplers-0.1.0-py3-none-any.whl", hash = "sha256:8662d4e30f3e14ef7b2c47b24d564c2ba4d1cd957d617106ff0769aebcae5e64", size = 3342 },
]

[[package]]
name = "farama-notifications"
version = "0.0.4"
source = { registry = "https://pypi.org/simple" }
sdist = { url = "https://files.pythonhosted.org/packages/2e/2c/8384832b7a6b1fd6ba95bbdcae26e7137bb3eedc955c42fd5cdcc086cfbf/Farama-Notifications-0.0.4.tar.gz", hash = "sha256:13fceff2d14314cf80703c8266462ebf3733c7d165336eee998fc58e545efd18", size = 2131 }
wheels = [
    { url = "https://files.pythonhosted.org/packages/05/2c/ffc08c54c05cdce6fbed2aeebc46348dbe180c6d2c541c7af7ba0aa5f5f8/Farama_Notifications-0.0.4-py3-none-any.whl", hash = "sha256:14de931035a41961f7c056361dc7f980762a143d05791ef5794a751a2caf05ae", size = 2511 },
]

[[package]]
name = "funcy"
version = "2.0"
source = { registry = "https://pypi.org/simple" }
sdist = { url = "https://files.pythonhosted.org/packages/70/b8/c6081521ff70afdff55cd9512b2220bbf4fa88804dae51d1b57b4b58ef32/funcy-2.0.tar.gz", hash = "sha256:3963315d59d41c6f30c04bc910e10ab50a3ac4a225868bfa96feed133df075cb", size = 537931 }
wheels = [
    { url = "https://files.pythonhosted.org/packages/d5/08/c2409cb01d5368dcfedcbaffa7d044cc8957d57a9d0855244a5eb4709d30/funcy-2.0-py2.py3-none-any.whl", hash = "sha256:53df23c8bb1651b12f095df764bfb057935d49537a56de211b098f4c79614bb0", size = 30891 },
]

[[package]]
name = "gymnasium"
version = "1.0.0"
source = { registry = "https://pypi.org/simple" }
dependencies = [
    { name = "cloudpickle" },
    { name = "farama-notifications" },
    { name = "numpy" },
    { name = "typing-extensions" },
]
sdist = { url = "https://files.pythonhosted.org/packages/4e/12/1047b8fdbfcdce74022048d916e844ad7e6e1114d81d26a7aed657e3a76d/gymnasium-1.0.0.tar.gz", hash = "sha256:9d2b66f30c1b34fe3c2ce7fae65ecf365d0e9982d2b3d860235e773328a3b403", size = 821389 }
wheels = [
    { url = "https://files.pythonhosted.org/packages/de/85/f5039ce2df5f0789ff1240f08a59f3e8c92e4c5f99543b7aad7388532f7c/gymnasium-1.0.0-py3-none-any.whl", hash = "sha256:b6f40e1e24c5bd419361e1a5b86a9117d2499baecc3a660d44dfff4c465393ad", size = 958120 },
]

[[package]]
name = "numpy"
version = "1.26.4"
source = { registry = "https://pypi.org/simple" }
sdist = { url = "https://files.pythonhosted.org/packages/65/6e/09db70a523a96d25e115e71cc56a6f9031e7b8cd166c1ac8438307c14058/numpy-1.26.4.tar.gz", hash = "sha256:2a02aba9ed12e4ac4eb3ea9421c420301a0c6460d9830d74a9df87efa4912010", size = 15786129 }
wheels = [
    { url = "https://files.pythonhosted.org/packages/95/12/8f2020a8e8b8383ac0177dc9570aad031a3beb12e38847f7129bacd96228/numpy-1.26.4-cp312-cp312-macosx_10_9_x86_64.whl", hash = "sha256:b3ce300f3644fb06443ee2222c2201dd3a89ea6040541412b8fa189341847218", size = 20335901 },
    { url = "https://files.pythonhosted.org/packages/75/5b/ca6c8bd14007e5ca171c7c03102d17b4f4e0ceb53957e8c44343a9546dcc/numpy-1.26.4-cp312-cp312-macosx_11_0_arm64.whl", hash = "sha256:03a8c78d01d9781b28a6989f6fa1bb2c4f2d51201cf99d3dd875df6fbd96b23b", size = 13685868 },
    { url = "https://files.pythonhosted.org/packages/79/f8/97f10e6755e2a7d027ca783f63044d5b1bc1ae7acb12afe6a9b4286eac17/numpy-1.26.4-cp312-cp312-manylinux_2_17_aarch64.manylinux2014_aarch64.whl", hash = "sha256:9fad7dcb1aac3c7f0584a5a8133e3a43eeb2fe127f47e3632d43d677c66c102b", size = 13925109 },
    { url = "https://files.pythonhosted.org/packages/0f/50/de23fde84e45f5c4fda2488c759b69990fd4512387a8632860f3ac9cd225/numpy-1.26.4-cp312-cp312-manylinux_2_17_x86_64.manylinux2014_x86_64.whl", hash = "sha256:675d61ffbfa78604709862923189bad94014bef562cc35cf61d3a07bba02a7ed", size = 17950613 },
    { url = "https://files.pythonhosted.org/packages/4c/0c/9c603826b6465e82591e05ca230dfc13376da512b25ccd0894709b054ed0/numpy-1.26.4-cp312-cp312-musllinux_1_1_aarch64.whl", hash = "sha256:ab47dbe5cc8210f55aa58e4805fe224dac469cde56b9f731a4c098b91917159a", size = 13572172 },
    { url = "https://files.pythonhosted.org/packages/76/8c/2ba3902e1a0fc1c74962ea9bb33a534bb05984ad7ff9515bf8d07527cadd/numpy-1.26.4-cp312-cp312-musllinux_1_1_x86_64.whl", hash = "sha256:1dda2e7b4ec9dd512f84935c5f126c8bd8b9f2fc001e9f54af255e8c5f16b0e0", size = 17786643 },
    { url = "https://files.pythonhosted.org/packages/28/4a/46d9e65106879492374999e76eb85f87b15328e06bd1550668f79f7b18c6/numpy-1.26.4-cp312-cp312-win32.whl", hash = "sha256:50193e430acfc1346175fcbdaa28ffec49947a06918b7b92130744e81e640110", size = 5677803 },
    { url = "https://files.pythonhosted.org/packages/16/2e/86f24451c2d530c88daf997cb8d6ac622c1d40d19f5a031ed68a4b73a374/numpy-1.26.4-cp312-cp312-win_amd64.whl", hash = "sha256:08beddf13648eb95f8d867350f6a018a4be2e5ad54c8d8caed89ebca558b2818", size = 15517754 },
]

[[package]]
name = "typing-extensions"
version = "4.12.2"
source = { registry = "https://pypi.org/simple" }
sdist = { url = "https://files.pythonhosted.org/packages/df/db/f35a00659bc03fec321ba8bce9420de607a1d37f8342eee1863174c69557/typing_extensions-4.12.2.tar.gz", hash = "sha256:1a7ead55c7e559dd4dee8856e3a88b41225abfe1ce8df57b7c13915fe121ffb8", size = 85321 }
wheels = [
    { url = "https://files.pythonhosted.org/packages/26/9f/ad63fc0248c5379346306f8668cda6e2e2e9c95e01216d2b8ffd9ff037d0/typing_extensions-4.12.2-py3-none-any.whl", hash = "sha256:04e5ca0351e0f3f85c6853954072df659d0d13fac324d0072316b67d7794700d", size = 37438 },
]
