# generated by rye
# use `rye lock` or `rye sync` to update this lockfile
#
# last locked with the following flags:
#   pre: false
#   features: []
#   all-features: false
#   with-sources: false
#   generate-hashes: false
#   universal: false

-e file:.
asgiref==3.8.1
    # via django
attrs==24.3.0
    # via jsonschema
    # via referencing
certifi==2024.12.14
    # via requests
cffi==1.17.1
    # via cryptography
charset-normalizer==3.4.1
    # via requests
coverage==7.6.10
    # via pytest-cov
cryptography==44.0.0
    # via joserfc
django==5.1.5
    # via django-saas-base
    # via django-saas-sso
    # via djangorestframework
    # via drf-spectacular
django-saas-base==0.1.0
    # via django-saas-sso
djangorestframework==3.15.2
    # via django-saas-base
    # via django-saas-sso
    # via drf-spectacular
drf-spectacular==0.28.0
idna==3.10
    # via requests
inflection==0.5.1
    # via drf-spectacular
iniconfig==2.0.0
    # via pytest
joserfc==1.0.1
    # via django-saas-sso
jsonschema==4.23.0
    # via drf-spectacular
jsonschema-specifications==2024.10.1
    # via jsonschema
packaging==24.2
    # via pytest
pluggy==1.5.0
    # via pytest
pycparser==2.22
    # via cffi
pytest==8.3.4
    # via pytest-cov
    # via pytest-django
pytest-cov==6.0.0
pytest-django==4.9.0
pyyaml==6.0.2
    # via drf-spectacular
referencing==0.35.1
    # via jsonschema
    # via jsonschema-specifications
requests==2.32.3
    # via django-saas-base
    # via django-saas-sso
    # via requests-mock
requests-mock==1.12.1
rpds-py==0.22.3
    # via jsonschema
    # via referencing
sqlparse==0.5.3
    # via django
uritemplate==4.1.1
    # via drf-spectacular
urllib3==2.3.0
    # via requests
