# generated by rye
# use `rye lock` or `rye sync` to update this lockfile
#
# last locked with the following flags:
#   pre: false
#   features: []
#   all-features: false
#   with-sources: false
#   generate-hashes: false
#   universal: false

-e file:.
asgiref==3.8.1
    # via django
certifi==2024.12.14
    # via requests
cffi==1.17.1
    # via cryptography
charset-normalizer==3.4.1
    # via requests
cryptography==44.0.0
    # via joserfc
django==5.1.5
    # via django-saas-base
    # via django-saas-sso
    # via djangorestframework
django-saas-base==0.1.0
    # via django-saas-sso
djangorestframework==3.15.2
    # via django-saas-base
    # via django-saas-sso
idna==3.10
    # via requests
joserfc==1.0.1
    # via django-saas-sso
pycparser==2.22
    # via cffi
requests==2.32.3
    # via django-saas-base
    # via django-saas-sso
sqlparse==0.5.3
    # via django
urllib3==2.3.0
    # via requests
